
Microsoft Visual Studio Solution File, Format Version 12.00
# Visual Studio 14
VisualStudioVersion = 14.0.25420.1
MinimumVisualStudioVersion = 10.0.40219.1
Project("{FAE04EC0-301F-11D3-BF4B-00C04F79EFBC}") = "HelloWebClient", "HelloWebClient\HelloWebClient.csproj", "{F16DDC17-FCCC-4489-8A9D-2C6C6FB6646D}"
EndProject
Global
	GlobalSection(SolutionConfigurationPlatforms) = preSolution
		Debug|Any CPU = Debug|Any CPU
		Release|Any CPU = Release|Any CPU
	EndGlobalSection
	GlobalSection(ProjectConfigurationPlatforms) = postSolution
		{F16DDC17-FCCC-4489-8A9D-2C6C6FB6646D}.Debug|Any CPU.ActiveCfg = Debug|Any CPU
		{F16DDC17-FCCC-4489-8A9D-2C6C6FB6646D}.Debug|Any CPU.Build.0 = Debug|Any CPU
		{F16DDC17-FCCC-4489-8A9D-2C6C6FB6646D}.Release|Any CPU.ActiveCfg = Release|Any CPU
		{F16DDC17-FCCC-4489-8A9D-2C6C6FB6646D}.Release|Any CPU.Build.0 = Release|Any CPU
	EndGlobalSection
	GlobalSection(SolutionProperties) = preSolution
		HideSolutionNode = FALSE
	EndGlobalSection
EndGlobal
