
Microsoft Visual Studio Solution File, Format Version 12.00
# Visual Studio 14
VisualStudioVersion = 14.0.25420.1
MinimumVisualStudioVersion = 10.0.40219.1
Project("{FAE04EC0-301F-11D3-BF4B-00C04F79EFBC}") = "CalculatorService", "CalculatorService\CalculatorService.csproj", "{6234DE08-C001-415C-9A5F-A720BCAEAA5E}"
EndProject
Project("{FAE04EC0-301F-11D3-BF4B-00C04F79EFBC}") = "CalculatorServiceHost", "CalculatorServiceHost\CalculatorServiceHost.csproj", "{67861784-041A-4A5C-884A-66BD2574F37E}"
EndProject
Project("{E24C65DC-7377-472B-9ABA-BC803B73C61A}") = "CalculatorIISHost(1)", "CalculatorIISHost", "{50CC78E3-A1C1-4690-AA91-308DAB8262B1}"
	ProjectSection(WebsiteProperties) = preProject
		TargetFrameworkMoniker = ".NETFramework,Version%3Dv4.5.2"
		ProjectReferences = "{6234de08-c001-415c-9a5f-a720bcaeaa5e}|CalculatorService.dll;"
		Debug.AspNetCompiler.VirtualPath = "/localhost_24880"
		Debug.AspNetCompiler.PhysicalPath = "CalculatorIISHost\"
		Debug.AspNetCompiler.TargetPath = "PrecompiledWeb\localhost_24880\"
		Debug.AspNetCompiler.Updateable = "true"
		Debug.AspNetCompiler.ForceOverwrite = "true"
		Debug.AspNetCompiler.FixedNames = "false"
		Debug.AspNetCompiler.Debug = "True"
		Release.AspNetCompiler.VirtualPath = "/localhost_24880"
		Release.AspNetCompiler.PhysicalPath = "CalculatorIISHost\"
		Release.AspNetCompiler.TargetPath = "PrecompiledWeb\localhost_24880\"
		Release.AspNetCompiler.Updateable = "true"
		Release.AspNetCompiler.ForceOverwrite = "true"
		Release.AspNetCompiler.FixedNames = "false"
		Release.AspNetCompiler.Debug = "False"
		VWDPort = "24880"
		SlnRelativePath = "CalculatorIISHost\"
		DefaultWebSiteLanguage = "Visual C#"
	EndProjectSection
EndProject
Global
	GlobalSection(SolutionConfigurationPlatforms) = preSolution
		Debug|Any CPU = Debug|Any CPU
		Release|Any CPU = Release|Any CPU
	EndGlobalSection
	GlobalSection(ProjectConfigurationPlatforms) = postSolution
		{6234DE08-C001-415C-9A5F-A720BCAEAA5E}.Debug|Any CPU.ActiveCfg = Debug|Any CPU
		{6234DE08-C001-415C-9A5F-A720BCAEAA5E}.Debug|Any CPU.Build.0 = Debug|Any CPU
		{6234DE08-C001-415C-9A5F-A720BCAEAA5E}.Release|Any CPU.ActiveCfg = Release|Any CPU
		{6234DE08-C001-415C-9A5F-A720BCAEAA5E}.Release|Any CPU.Build.0 = Release|Any CPU
		{67861784-041A-4A5C-884A-66BD2574F37E}.Debug|Any CPU.ActiveCfg = Debug|Any CPU
		{67861784-041A-4A5C-884A-66BD2574F37E}.Debug|Any CPU.Build.0 = Debug|Any CPU
		{67861784-041A-4A5C-884A-66BD2574F37E}.Release|Any CPU.ActiveCfg = Release|Any CPU
		{67861784-041A-4A5C-884A-66BD2574F37E}.Release|Any CPU.Build.0 = Release|Any CPU
		{50CC78E3-A1C1-4690-AA91-308DAB8262B1}.Debug|Any CPU.ActiveCfg = Debug|Any CPU
		{50CC78E3-A1C1-4690-AA91-308DAB8262B1}.Debug|Any CPU.Build.0 = Debug|Any CPU
		{50CC78E3-A1C1-4690-AA91-308DAB8262B1}.Release|Any CPU.ActiveCfg = Debug|Any CPU
		{50CC78E3-A1C1-4690-AA91-308DAB8262B1}.Release|Any CPU.Build.0 = Debug|Any CPU
	EndGlobalSection
	GlobalSection(SolutionProperties) = preSolution
		HideSolutionNode = FALSE
	EndGlobalSection
EndGlobal
